# This file is autogenerated, do not edit; changes may be undone by the next 'dep ensure'.


[[projects]]
  name = "github.com/apache/thrift"
  packages = ["lib/go/thrift"]
  revision = "b2a4d4ae21c789b689dd162deb819665567f481c"
  version = "0.10.0"

[[projects]]
  name = "github.com/openzipkin/zipkin-go-opentracing"
  packages = ["_thrift/gen-go/zipkincore"]
  revision = "d88c90182f3fb514be54a1c7adc11a04d41c7da9"
  version = "v0.2.4"

[solve-meta]
  analyzer-name = "dep"
  analyzer-version = 1
  inputs-digest = "a4d1734fc650370782866e83bd963f9104df50c7540e185c550b0dcf85889732"
  prune = false
  solver-name = "gps-cdcl"
  solver-version = 1
